
Microsoft Visual Studio Solution File, Format Version 12.00
# Visual Studio Version 16
VisualStudioVersion = 16.0.29123.88
MinimumVisualStudioVersion = 10.0.40219.1
Project("{FAE04EC0-301F-11D3-BF4B-00C04F79EFBC}") = "MQTTLib", "src\MQTTLib\MQTTLib.csproj", "{8E0A4E4A-F77A-426E-926A-E54B92EEA7F8}"
EndProject
Project("{2150E333-8FDC-42A3-9474-1A3956D46DE8}") = "tests", "tests", "{8F542854-1BF5-4DE1-B8C6-8D801914D955}"
EndProject
Project("{FAE04EC0-301F-11D3-BF4B-00C04F79EFBC}") = "Publisher", "tests\Publisher\Publisher.csproj", "{21C68576-56C5-410E-B0D9-1AD1B2E347BA}"
EndProject
Project("{FAE04EC0-301F-11D3-BF4B-00C04F79EFBC}") = "Subscriber", "tests\Subscriber\Subscriber.csproj", "{102071CB-35F5-48E1-A029-2D8755756DEA}"
EndProject
Project("{2150E333-8FDC-42A3-9474-1A3956D46DE8}") = "Solution Items", "Solution Items", "{4CB5A3CA-C3DD-4A1F-9835-9552D57D6242}"
	ProjectSection(SolutionItems) = preProject
		.editorconfig = .editorconfig
	EndProjectSection
EndProject
Project("{9A19103F-16F7-4668-BE54-9A1E7A4F7556}") = "MQTTnet", "..\..\sebastian\mqttnet\Source\MQTTnet\MQTTnet.csproj", "{B556ECB3-0E40-46E5-AE5F-6F46CE101EE4}"
EndProject
Global
	GlobalSection(SolutionConfigurationPlatforms) = preSolution
		Debug|Any CPU = Debug|Any CPU
		Release|Any CPU = Release|Any CPU
	EndGlobalSection
	GlobalSection(ProjectConfigurationPlatforms) = postSolution
		{8E0A4E4A-F77A-426E-926A-E54B92EEA7F8}.Debug|Any CPU.ActiveCfg = Debug|Any CPU
		{8E0A4E4A-F77A-426E-926A-E54B92EEA7F8}.Debug|Any CPU.Build.0 = Debug|Any CPU
		{8E0A4E4A-F77A-426E-926A-E54B92EEA7F8}.Release|Any CPU.ActiveCfg = Release|Any CPU
		{8E0A4E4A-F77A-426E-926A-E54B92EEA7F8}.Release|Any CPU.Build.0 = Release|Any CPU
		{21C68576-56C5-410E-B0D9-1AD1B2E347BA}.Debug|Any CPU.ActiveCfg = Debug|Any CPU
		{21C68576-56C5-410E-B0D9-1AD1B2E347BA}.Debug|Any CPU.Build.0 = Debug|Any CPU
		{21C68576-56C5-410E-B0D9-1AD1B2E347BA}.Release|Any CPU.ActiveCfg = Release|Any CPU
		{21C68576-56C5-410E-B0D9-1AD1B2E347BA}.Release|Any CPU.Build.0 = Release|Any CPU
		{102071CB-35F5-48E1-A029-2D8755756DEA}.Debug|Any CPU.ActiveCfg = Debug|Any CPU
		{102071CB-35F5-48E1-A029-2D8755756DEA}.Debug|Any CPU.Build.0 = Debug|Any CPU
		{102071CB-35F5-48E1-A029-2D8755756DEA}.Release|Any CPU.ActiveCfg = Release|Any CPU
		{102071CB-35F5-48E1-A029-2D8755756DEA}.Release|Any CPU.Build.0 = Release|Any CPU
		{B556ECB3-0E40-46E5-AE5F-6F46CE101EE4}.Debug|Any CPU.ActiveCfg = Debug|Any CPU
		{B556ECB3-0E40-46E5-AE5F-6F46CE101EE4}.Debug|Any CPU.Build.0 = Debug|Any CPU
		{B556ECB3-0E40-46E5-AE5F-6F46CE101EE4}.Release|Any CPU.ActiveCfg = Release|Any CPU
		{B556ECB3-0E40-46E5-AE5F-6F46CE101EE4}.Release|Any CPU.Build.0 = Release|Any CPU
	EndGlobalSection
	GlobalSection(SolutionProperties) = preSolution
		HideSolutionNode = FALSE
	EndGlobalSection
	GlobalSection(NestedProjects) = preSolution
		{21C68576-56C5-410E-B0D9-1AD1B2E347BA} = {8F542854-1BF5-4DE1-B8C6-8D801914D955}
		{102071CB-35F5-48E1-A029-2D8755756DEA} = {8F542854-1BF5-4DE1-B8C6-8D801914D955}
	EndGlobalSection
	GlobalSection(ExtensibilityGlobals) = postSolution
		SolutionGuid = {BBB28CBB-43F0-484C-9A3B-F109E6B938EF}
	EndGlobalSection
EndGlobal
